// !$*UTF8*$!
{
	archiveVersion = 1;
	classes = {
	};
	objectVersion = 56;
	objects = {

/* Begin PBXBuildFile section */
		F84A58EF2A1234567890123A /* AppDelegate.swift in Sources */ = {isa = PBXBuildFile; fileRef = F84A58EE2A1234567890123A /* AppDelegate.swift */; };
		F84A58F12A1234567890123B /* SceneDelegate.swift in Sources */ = {isa = PBXBuildFile; fileRef = F84A58F02A1234567890123B /* SceneDelegate.swift */; };
		F84A58F32A1234567890123C /* ViewController.swift in Sources */ = {isa = PBXBuildFile; fileRef = F84A58F22A1234567890123C /* ViewController.swift */; };
		F84A58F62A1234567890123D /* Main.storyboard in Resources */ = {isa = PBXBuildFile; fileRef = F84A58F42A1234567890123D /* Main.storyboard */; };
		F84A58F82A1234567890123E /* Assets.xcassets in Resources */ = {isa = PBXBuildFile; fileRef = F84A58F72A1234567890123E /* Assets.xcassets */; };
		F84A58FB2A1234567890123F /* LaunchScreen.storyboard in Resources */ = {isa = PBXBuildFile; fileRef = F84A58F92A1234567890123F /* LaunchScreen.storyboard */; };
		F84A59032A1234567890124A /* DepthDataCapture.swift in Sources */ = {isa = PBXBuildFile; fileRef = F84A59022A1234567890124A /* DepthDataCapture.swift */; };
		F84A59052A1234567890124B /* PointCloudProcessor.swift in Sources */ = {isa = PBXBuildFile; fileRef = F84A59042A1234567890124B /* PointCloudProcessor.swift */; };
		F84A59072A1234567890124C /* ImageStitcher.swift in Sources */ = {isa = PBXBuildFile; fileRef = F84A59062A1234567890124C /* ImageStitcher.swift */; };
		F84A59092A1234567890124D /* Renderer3D.swift in Sources */ = {isa = PBXBuildFile; fileRef = F84A59082A1234567890124D /* Renderer3D.swift */; };
/* End PBXBuildFile section */

/* Begin PBXFileReference section */
		F84A58EB2A1234567890123A /* PhoneScanner.app */ = {isa = PBXFileReference; explicitFileType = wrapper.application; includeInIndex = 0; path = PhoneScanner.app; sourceTree = BUILT_PRODUCTS_DIR; };
		F84A58EE2A1234567890123A /* AppDelegate.swift */ = {isa = PBXFileReference; lastKnownFileType = sourcecode.swift; path = AppDelegate.swift; sourceTree = "<group>"; };
		F84A58F02A1234567890123B /* SceneDelegate.swift */ = {isa = PBXFileReference; lastKnownFileType = sourcecode.swift; path = SceneDelegate.swift; sourceTree = "<group>"; };
		F84A58F22A1234567890123C /* ViewController.swift */ = {isa = PBXFileReference; lastKnownFileType = sourcecode.swift; path = ViewController.swift; sourceTree = "<group>"; };
		F84A58F52A1234567890123D /* Base */ = {isa = PBXFileReference; lastKnownFileType = file.storyboard; name = Base; path = Base.lproj/Main.storyboard; sourceTree = "<group>"; };
		F84A58F72A1234567890123E /* Assets.xcassets */ = {isa = PBXFileReference; lastKnownFileType = folder.assetcatalog; path = Assets.xcassets; sourceTree = "<group>"; };
		F84A58FA2A1234567890123F /* Base */ = {isa = PBXFileReference; lastKnownFileType = file.storyboard; name = Base; path = Base.lproj/LaunchScreen.storyboard; sourceTree = "<group>"; };
		F84A58FC2A1234567890123F /* Info.plist */ = {isa = PBXFileReference; lastKnownFileType = text.plist.xml; path = Info.plist; sourceTree = "<group>"; };
		F84A59022A1234567890124A /* DepthDataCapture.swift */ = {isa = PBXFileReference; lastKnownFileType = sourcecode.swift; path = DepthDataCapture.swift; sourceTree = "<group>"; };
		F84A59042A1234567890124B /* PointCloudProcessor.swift */ = {isa = PBXFileReference; lastKnownFileType = sourcecode.swift; path = PointCloudProcessor.swift; sourceTree = "<group>"; };
		F84A59062A1234567890124C /* ImageStitcher.swift */ = {isa = PBXFileReference; lastKnownFileType = sourcecode.swift; path = ImageStitcher.swift; sourceTree = "<group>"; };
		F84A59082A1234567890124D /* Renderer3D.swift */ = {isa = PBXFileReference; lastKnownFileType = sourcecode.swift; path = Renderer3D.swift; sourceTree = "<group>"; };
/* End PBXFileReference section */

/* Begin PBXFrameworksBuildPhase section */
		F84A58E82A1234567890123A /* Frameworks */ = {
			isa = PBXFrameworksBuildPhase;
			buildActionMask = 2147483647;
			files = (
			);
			runOnlyForDeploymentPostprocessing = 0;
		};
/* End PBXFrameworksBuildPhase section */

/* Begin PBXGroup section */
		F84A58E22A1234567890123A = {
			isa = PBXGroup;
			children = (
				F84A58ED2A1234567890123A /* PhoneScanner */,
				F84A58EC2A1234567890123A /* Products */,
			);
			sourceTree = "<group>";
		};
		F84A58EC2A1234567890123A /* Products */ = {
			isa = PBXGroup;
			children = (
				F84A58EB2A1234567890123A /* PhoneScanner.app */,
			);
			name = Products;
			sourceTree = "<group>";
		};
		F84A58ED2A1234567890123A /* PhoneScanner */ = {
			isa = PBXGroup;
			children = (
				F84A58EE2A1234567890123A /* AppDelegate.swift */,
				F84A58F02A1234567890123B /* SceneDelegate.swift */,
				F84A58F22A1234567890123C /* ViewController.swift */,
				F84A59022A1234567890124A /* DepthDataCapture.swift */,
				F84A59042A1234567890124B /* PointCloudProcessor.swift */,
				F84A59062A1234567890124C /* ImageStitcher.swift */,
				F84A59082A1234567890124D /* Renderer3D.swift */,
				F84A58F42A1234567890123D /* Main.storyboard */,
				F84A58F72A1234567890123E /* Assets.xcassets */,
				F84A58F92A1234567890123F /* LaunchScreen.storyboard */,
				F84A58FC2A1234567890123F /* Info.plist */,
			);
			path = PhoneScanner;
			sourceTree = "<group>";
		};
/* End PBXGroup section */

/* Begin PBXNativeTarget section */
		F84A58EA2A1234567890123A /* PhoneScanner */ = {
			isa = PBXNativeTarget;
			buildConfigurationList = F84A58FF2A1234567890123F /* Build configuration list for PBXNativeTarget "PhoneScanner" */;
			buildPhases = (
				F84A58E72A1234567890123A /* Sources */,
				F84A58E82A1234567890123A /* Frameworks */,
				F84A58E92A1234567890123A /* Resources */,
			);
			buildRules = (
			);
			dependencies = (
			);
			name = PhoneScanner;
			productName = PhoneScanner;
			productReference = F84A58EB2A1234567890123A /* PhoneScanner.app */;
			productType = "com.apple.product-type.application";
		};
/* End PBXNativeTarget section */

/* Begin PBXProject section */
		F84A58E32A1234567890123A /* Project object */ = {
			isa = PBXProject;
			attributes = {
				BuildIndependentTargetsInParallel = 1;
				LastSwiftUpdateCheck = 1500;
				LastUpgradeCheck = 1500;
				TargetAttributes = {
					F84A58EA2A1234567890123A = {
						CreatedOnToolsVersion = 15.0;
					};
				};
			};
			buildConfigurationList = F84A58E62A1234567890123A /* Build configuration list for PBXProject "PhoneScanner" */;
			compatibilityVersion = "Xcode 14.0";
			developmentRegion = en;
			hasScannedForEncodings = 0;
			knownRegions = (
				en,
				Base,
			);
			mainGroup = F84A58E22A1234567890123A;
			productRefGroup = F84A58EC2A1234567890123A /* Products */;
			projectDirPath = "";
			projectRoot = "";
			targets = (
				F84A58EA2A1234567890123A /* PhoneScanner */,
			);
		};
/* End PBXProject section */

/* Begin PBXResourcesBuildPhase section */
		F84A58E92A1234567890123A /* Resources */ = {
			isa = PBXResourcesBuildPhase;
			buildActionMask = 2147483647;
			files = (
				F84A58FB2A1234567890123F /* LaunchScreen.storyboard in Resources */,
				F84A58F82A1234567890123E /* Assets.xcassets in Resources */,
				F84A58F62A1234567890123D /* Main.storyboard in Resources */,
			);
			runOnlyForDeploymentPostprocessing = 0;
		};
/* End PBXResourcesBuildPhase section */

/* Begin PBXSourcesBuildPhase section */
		F84A58E72A1234567890123A /* Sources */ = {
			isa = PBXSourcesBuildPhase;
			buildActionMask = 2147483647;
			files = (
				F84A58F32A1234567890123C /* ViewController.swift in Sources */,
				F84A59032A1234567890124A /* DepthDataCapture.swift in Sources */,
				F84A59052A1234567890124B /* PointCloudProcessor.swift in Sources */,
				F84A59072A1234567890124C /* ImageStitcher.swift in Sources */,
				F84A59092A1234567890124D /* Renderer3D.swift in Sources */,
				F84A58EF2A1234567890123A /* AppDelegate.swift in Sources */,
				F84A58F12A1234567890123B /* SceneDelegate.swift in Sources */,
			);
			runOnlyForDeploymentPostprocessing = 0;
		};
/* End PBXSourcesBuildPhase section */

/* Begin PBXVariantGroup section */
		F84A58F42A1234567890123D /* Main.storyboard */ = {
			isa = PBXVariantGroup;
			children = (
				F84A58F52A1234567890123D /* Base */,
			);
			name = Main.storyboard;
			sourceTree = "<group>";
		};
		F84A58F92A1234567890123F /* LaunchScreen.storyboard */ = {
			isa = PBXVariantGroup;
			children = (
				F84A58FA2A1234567890123F /* Base */,
			);
			name = LaunchScreen.storyboard;
			sourceTree = "<group>";
		};
/* End PBXVariantGroup section */

/* Begin XCBuildConfiguration section */
		F84A58FD2A1234567890123F /* Debug */ = {
			isa = XCBuildConfiguration;
			buildSettings = {
				ALWAYS_SEARCH_USER_PATHS = NO;
				ASSETCATALOG_COMPILER_GENERATE_SWIFT_ASSET_SYMBOL_EXTENSIONS = YES;
				CLANG_ANALYZER_NONNULL = YES;
				CLANG_ANALYZER_NUMBER_OBJECT_CONVERSION = YES_AGGRESSIVE;
				CLANG_CXX_LANGUAGE_STANDARD = "gnu++20";
				CLANG_ENABLE_MODULES = YES;
				CLANG_ENABLE_OBJC_ARC = YES;
				CLANG_ENABLE_OBJC_WEAK = YES;
				CLANG_WARN_BLOCK_CAPTURE_AUTORELEASING = YES;
				CLANG_WARN_BOOL_CONVERSION = YES;
				CLANG_WARN_COMMA = YES;
				CLANG_WARN_CONSTANT_CONVERSION = YES;
				CLANG_WARN_DEPRECATED_OBJC_IMPLEMENTATIONS = YES;
				CLANG_WARN_DIRECT_OBJC_ISA_USAGE = YES_ERROR;
				CLANG_WARN_DOCUMENTATION_COMMENTS = YES;
				CLANG_WARN_EMPTY_BODY = YES;
				CLANG_WARN_ENUM_CONVERSION = YES;
				CLANG_WARN_INFINITE_RECURSION = YES;
				CLANG_WARN_INT_CONVERSION = YES;
				CLANG_WARN_NON_LITERAL_NULL_CONVERSION = YES;
				CLANG_WARN_OBJC_IMPLICIT_RETAIN_SELF = YES;
				CLANG_WARN_OBJC_LITERAL_CONVERSION = YES;
				CLANG_WARN_OBJC_ROOT_CLASS = YES_ERROR;
				CLANG_WARN_QUOTED_INCLUDE_IN_FRAMEWORK_HEADER = YES;
				CLANG_WARN_RANGE_LOOP_ANALYSIS = YES;
				CLANG_WARN_STRICT_PROTOTYPES = YES;
				CLANG_WARN_SUSPICIOUS_MOVE = YES;
				CLANG_WARN_UNGUARDED_AVAILABILITY = YES_AGGRESSIVE;
				CLANG_WARN_UNREACHABLE_CODE = YES;
				CLANG_WARN__DUPLICATE_METHOD_MATCH = YES;
				COPY_PHASE_STRIP = NO;
				DEBUG_INFORMATION_FORMAT = dwarf;
				ENABLE_STRICT_OBJC_MSGSEND = YES;
				ENABLE_TESTABILITY = YES;
				ENABLE_USER_SCRIPT_SANDBOXING = YES;
				GCC_C_LANGUAGE_STANDARD = gnu17;
				GCC_DYNAMIC_NO_PIC = NO;
				GCC_NO_COMMON_BLOCKS = YES;
				GCC_OPTIMIZATION_LEVEL = 0;
				GCC_PREPROCESSOR_DEFINITIONS = (
					"DEBUG=1",
					"$(inherited)",
				);
				GCC_WARN_64_TO_32_BIT_CONVERSION = YES;
				GCC_WARN_ABOUT_RETURN_TYPE = YES_ERROR;
				GCC_WARN_UNDECLARED_SELECTOR = YES;
				GCC_WARN_UNINITIALIZED_AUTOS = YES_AGGRESSIVE;
				GCC_WARN_UNUSED_FUNCTION = YES;
				GCC_WARN_UNUSED_VARIABLE = YES;
				IPHONEOS_DEPLOYMENT_TARGET = 16.0;
				LOCALIZATION_PREFERS_STRING_CATALOGS = YES;
				MTL_ENABLE_DEBUG_INFO = INCLUDE_SOURCE;
				MTL_FAST_MATH = YES;
				ONLY_ACTIVE_ARCH = YES;
				SDKROOT = iphoneos;
				SWIFT_ACTIVE_COMPILATION_CONDITIONS = "DEBUG $(inherited)";
				SWIFT_OPTIMIZATION_LEVEL = "-Onone";
			};
			name = Debug;
		};
		F84A58FE2A1234567890123F /* Release */ = {
			isa = XCBuildConfiguration;
			buildSettings = {
				ALWAYS_SEARCH_USER_PATHS = NO;
				ASSETCATALOG_COMPILER_GENERATE_SWIFT_ASSET_SYMBOL_EXTENSIONS = YES;
				CLANG_ANALYZER_NONNULL = YES;
				CLANG_ANALYZER_NUMBER_OBJECT_CONVERSION = YES_AGGRESSIVE;
				CLANG_CXX_LANGUAGE_STANDARD = "gnu++20";
				CLANG_ENABLE_MODULES = YES;
				CLANG_ENABLE_OBJC_ARC = YES;
				CLANG_ENABLE_OBJC_WEAK = YES;
				CLANG_WARN_BLOCK_CAPTURE_AUTORELEASING = YES;
				CLANG_WARN_BOOL_CONVERSION = YES;
				CLANG_WARN_COMMA = YES;
				CLANG_WARN_CONSTANT_CONVERSION = YES;
				CLANG_WARN_DEPRECATED_OBJC_IMPLEMENTATIONS = YES;
				CLANG_WARN_DIRECT_OBJC_ISA_USAGE = YES_ERROR;
				CLANG_WARN_DOCUMENTATION_COMMENTS = YES;
				CLANG_WARN_EMPTY_BODY = YES;
				CLANG_WARN_ENUM_CONVERSION = YES;
				CLANG_WARN_INFINITE_RECURSION = YES;
				CLANG_WARN_INT_CONVERSION = YES;
				CLANG_WARN_NON_LITERAL_NULL_CONVERSION = YES;
				CLANG_WARN_OBJC_IMPLICIT_RETAIN_SELF = YES;
				CLANG_WARN_OBJC_LITERAL_CONVERSION = YES;
				CLANG_WARN_OBJC_ROOT_CLASS = YES_ERROR;
				CLANG_WARN_QUOTED_INCLUDE_IN_FRAMEWORK_HEADER = YES;
				CLANG_WARN_RANGE_LOOP_ANALYSIS = YES;
				CLANG_WARN_STRICT_PROTOTYPES = YES;
				CLANG_WARN_SUSPICIOUS_MOVE = YES;
				CLANG_WARN_UNGUARDED_AVAILABILITY = YES_AGGRESSIVE;
				CLANG_WARN_UNREACHABLE_CODE = YES;
				CLANG_WARN__DUPLICATE_METHOD_MATCH = YES;
				COPY_PHASE_STRIP = NO;
				DEBUG_INFORMATION_FORMAT = "dwarf-with-dsym";
				ENABLE_NS_ASSERTIONS = NO;
				ENABLE_STRICT_OBJC_MSGSEND = YES;
				ENABLE_USER_SCRIPT_SANDBOXING = YES;
				GCC_C_LANGUAGE_STANDARD = gnu17;
				GCC_NO_COMMON_BLOCKS = YES;
				GCC_WARN_64_TO_32_BIT_CONVERSION = YES;
				GCC_WARN_ABOUT_RETURN_TYPE = YES_ERROR;
				GCC_WARN_UNDECLARED_SELECTOR = YES;
				GCC_WARN_UNINITIALIZED_AUTOS = YES_AGGRESSIVE;
				GCC_WARN_UNUSED_FUNCTION = YES;
				GCC_WARN_UNUSED_VARIABLE = YES;
				IPHONEOS_DEPLOYMENT_TARGET = 16.0;
				LOCALIZATION_PREFERS_STRING_CATALOGS = YES;
				MTL_ENABLE_DEBUG_INFO = NO;
				MTL_FAST_MATH = YES;
				SDKROOT = iphoneos;
				SWIFT_COMPILATION_MODE = wholemodule;
				VALIDATE_PRODUCT = YES;
			};
			name = Release;
		};
		F84A59002A1234567890123F /* Debug */ = {
			isa = XCBuildConfiguration;
			buildSettings = {
				ASSETCATALOG_COMPILER_APPICON_NAME = AppIcon;
				ASSETCATALOG_COMPILER_GLOBAL_ACCENT_COLOR_NAME = AccentColor;
				CODE_SIGN_STYLE = Automatic;
				CURRENT_PROJECT_VERSION = 1;
				GENERATE_INFOPLIST_FILE = YES;
				INFOPLIST_FILE = PhoneScanner/Info.plist;
				INFOPLIST_KEY_NSCameraUsageDescription = "This app needs camera access to capture depth data for 3D scanning.";
				INFOPLIST_KEY_UIApplicationSupportsIndirectInputEvents = YES;
				INFOPLIST_KEY_UILaunchStoryboardName = LaunchScreen;
				INFOPLIST_KEY_UIMainStoryboardFile = Main;
				INFOPLIST_KEY_UISupportedInterfaceOrientations_iPad = "UIInterfaceOrientationPortrait UIInterfaceOrientationPortraitUpsideDown UIInterfaceOrientationLandscapeLeft UIInterfaceOrientationLandscapeRight";
				INFOPLIST_KEY_UISupportedInterfaceOrientations_iPhone = "UIInterfaceOrientationPortrait UIInterfaceOrientationLandscapeLeft UIInterfaceOrientationLandscapeRight";
				LD_RUNPATH_SEARCH_PATHS = (
					"$(inherited)",
					"@executable_path/Frameworks",
				);
				MARKETING_VERSION = 1.0;
				PRODUCT_BUNDLE_IDENTIFIER = com.tuyanshuai.phonescanner;
				PRODUCT_NAME = "$(TARGET_NAME)";
				SWIFT_EMIT_LOC_STRINGS = YES;
				SWIFT_VERSION = 5.0;
				TARGETED_DEVICE_FAMILY = "1,2";
			};
			name = Debug;
		};
		F84A59012A1234567890123F /* Release */ = {
			isa = XCBuildConfiguration;
			buildSettings = {
				ASSETCATALOG_COMPILER_APPICON_NAME = AppIcon;
				ASSETCATALOG_COMPILER_GLOBAL_ACCENT_COLOR_NAME = AccentColor;
				CODE_SIGN_STYLE = Automatic;
				CURRENT_PROJECT_VERSION = 1;
				GENERATE_INFOPLIST_FILE = YES;
				INFOPLIST_FILE = PhoneScanner/Info.plist;
				INFOPLIST_KEY_NSCameraUsageDescription = "This app needs camera access to capture depth data for 3D scanning.";
				INFOPLIST_KEY_UIApplicationSupportsIndirectInputEvents = YES;
				INFOPLIST_KEY_UILaunchStoryboardName = LaunchScreen;
				INFOPLIST_KEY_UIMainStoryboardFile = Main;
				INFOPLIST_KEY_UISupportedInterfaceOrientations_iPad = "UIInterfaceOrientationPortrait UIInterfaceOrientationPortraitUpsideDown UIInterfaceOrientationLandscapeLeft UIInterfaceOrientationLandscapeRight";
				INFOPLIST_KEY_UISupportedInterfaceOrientations_iPhone = "UIInterfaceOrientationPortrait UIInterfaceOrientationLandscapeLeft UIInterfaceOrientationLandscapeRight";
				LD_RUNPATH_SEARCH_PATHS = (
					"$(inherited)",
					"@executable_path/Frameworks",
				);
				MARKETING_VERSION = 1.0;
				PRODUCT_BUNDLE_IDENTIFIER = com.tuyanshuai.phonescanner;
				PRODUCT_NAME = "$(TARGET_NAME)";
				SWIFT_EMIT_LOC_STRINGS = YES;
				SWIFT_VERSION = 5.0;
				TARGETED_DEVICE_FAMILY = "1,2";
			};
			name = Release;
		};
/* End XCBuildConfiguration section */

/* Begin XCConfigurationList section */
		F84A58E62A1234567890123A /* Build configuration list for PBXProject "PhoneScanner" */ = {
			isa = XCConfigurationList;
			buildConfigurations = (
				F84A58FD2A1234567890123F /* Debug */,
				F84A58FE2A1234567890123F /* Release */,
			);
			defaultConfigurationIsVisible = 0;
			defaultConfigurationName = Release;
		};
		F84A58FF2A1234567890123F /* Build configuration list for PBXNativeTarget "PhoneScanner" */ = {
			isa = XCConfigurationList;
			buildConfigurations = (
				F84A59002A1234567890123F /* Debug */,
				F84A59012A1234567890123F /* Release */,
			);
			defaultConfigurationIsVisible = 0;
			defaultConfigurationName = Release;
		};
/* End XCConfigurationList section */
	};
	rootObject = F84A58E32A1234567890123A /* Project object */;
}